{
  "nodes": {
    "nixpkgs": {
      "locked": {
        "lastModified": 1647992509,
        "narHash": "sha256-AG40Nt5OWz0LBs5p457emOuwLKOvTtcv/2fUdnEN3Ws=",
        "owner": "NixOS",
        "repo": "nixpkgs",
        "rev": "d2caa9377539e3b5ff1272ac3aa2d15f3081069f",
        "type": "github"
      },
      "original": {
        "owner": "NixOS",
        "ref": "nixos-21.11",
        "repo": "nixpkgs",
        "type": "github"
      }
    },
    "root": {
      "inputs": {
        "nixpkgs": "nixpkgs",
        "utils": "utils"
      }
    },
    "utils": {
      "locked": {
        "lastModified": 1648297722,
        "narHash": "sha256-W+qlPsiZd8F3XkzXOzAoR+mpFqzm3ekQkJNa+PIh1BQ=",
        "owner": "numtide",
        "repo": "flake-utils",
        "rev": "0f8662f1319ad6abf89b3380dd2722369fc51ade",
        "type": "github"
      },
      "original": {
        "owner": "numtide",
        "repo": "flake-utils",
        "type": "github"
      }
    }
  },
  "root": "root",
  "version": 7
}
